
Microsoft Visual Studio Solution File, Format Version 12.00
# Visual Studio 2012
Project("{FAE04EC0-301F-11D3-BF4B-00C04F79EFBC}") = "FontAwesome.Net", "FontAwesome.Net\FontAwesome.Net.csproj", "{8B7AFE74-5FE2-4FE0-9B45-F025CFED689C}"
EndProject
Project("{2150E333-8FDC-42A3-9474-1A3956D46DE8}") = "Solution Items", "Solution Items", "{AF7B691C-4270-4B75-B22E-8BC9CB27FC51}"
	ProjectSection(SolutionItems) = preProject
		FontAwesome.Net.nuspec = FontAwesome.Net.nuspec
	EndProjectSection
EndProject
Global
	GlobalSection(SolutionConfigurationPlatforms) = preSolution
		Debug|Any CPU = Debug|Any CPU
		Release|Any CPU = Release|Any CPU
	EndGlobalSection
	GlobalSection(ProjectConfigurationPlatforms) = postSolution
		{8B7AFE74-5FE2-4FE0-9B45-F025CFED689C}.Debug|Any CPU.ActiveCfg = Debug|Any CPU
		{8B7AFE74-5FE2-4FE0-9B45-F025CFED689C}.Debug|Any CPU.Build.0 = Debug|Any CPU
		{8B7AFE74-5FE2-4FE0-9B45-F025CFED689C}.Release|Any CPU.ActiveCfg = Release|Any CPU
		{8B7AFE74-5FE2-4FE0-9B45-F025CFED689C}.Release|Any CPU.Build.0 = Release|Any CPU
	EndGlobalSection
	GlobalSection(SolutionProperties) = preSolution
		HideSolutionNode = FALSE
	EndGlobalSection
EndGlobal
